
Microsoft Visual Studio Solution File, Format Version 12.00
# Visual Studio Version 17
VisualStudioVersion = 17.5.33530.505
MinimumVisualStudioVersion = 10.0.40219.1
Project("{FAE04EC0-301F-11D3-BF4B-00C04F79EFBC}") = "BoatAppApi", "BoatAppApi\BoatAppApi.csproj", "{1ED7D587-F6B4-4527-A335-F9805711244F}"
EndProject
Global
	GlobalSection(SolutionConfigurationPlatforms) = preSolution
		Debug|Any CPU = Debug|Any CPU
		Release|Any CPU = Release|Any CPU
	EndGlobalSection
	GlobalSection(ProjectConfigurationPlatforms) = postSolution
		{1ED7D587-F6B4-4527-A335-F9805711244F}.Debug|Any CPU.ActiveCfg = Debug|Any CPU
		{1ED7D587-F6B4-4527-A335-F9805711244F}.Debug|Any CPU.Build.0 = Debug|Any CPU
		{1ED7D587-F6B4-4527-A335-F9805711244F}.Release|Any CPU.ActiveCfg = Release|Any CPU
		{1ED7D587-F6B4-4527-A335-F9805711244F}.Release|Any CPU.Build.0 = Release|Any CPU
	EndGlobalSection
	GlobalSection(SolutionProperties) = preSolution
		HideSolutionNode = FALSE
	EndGlobalSection
	GlobalSection(ExtensibilityGlobals) = postSolution
		SolutionGuid = {909698AA-3E19-42D9-A53A-A10A814AD2B5}
	EndGlobalSection
EndGlobal
